// !$*UTF8*$!
{
	archiveVersion = 1;
	classes = {
	};
	objectVersion = 46;
	objects = {

/* Begin PBXBuildFile section */
		4CF51A02AF62EE77662106CD /* Pods_BabylonHealth.framework in Frameworks */ = {isa = PBXBuildFile; fileRef = 0812829645EF7496387C8018 /* Pods_BabylonHealth.framework */; };
		8715E44E1EBDF667005EE564 /* ServiceRouter.swift in Sources */ = {isa = PBXBuildFile; fileRef = 8715E44D1EBDF667005EE564 /* ServiceRouter.swift */; };
		8715E45D1EC0B89D005EE564 /* Persistable.swift in Sources */ = {isa = PBXBuildFile; fileRef = 8715E45C1EC0B89D005EE564 /* Persistable.swift */; };
		872102D31EC3C8A100F8AE4E /* CommentObjectTests.swift in Sources */ = {isa = PBXBuildFile; fileRef = 872102D21EC3C8A100F8AE4E /* CommentObjectTests.swift */; };
		872102D61EC3C8C900F8AE4E /* UserObjectModelTests.swift in Sources */ = {isa = PBXBuildFile; fileRef = 872102D51EC3C8C900F8AE4E /* UserObjectModelTests.swift */; };
		872102D81EC3C8DF00F8AE4E /* PostObjectModelTests.swift in Sources */ = {isa = PBXBuildFile; fileRef = 872102D71EC3C8DF00F8AE4E /* PostObjectModelTests.swift */; };
		872102DE1EC3C97800F8AE4E /* ProviderTests.swift in Sources */ = {isa = PBXBuildFile; fileRef = 872102DD1EC3C97800F8AE4E /* ProviderTests.swift */; };
		872102E01EC3C99F00F8AE4E /* ServiceRouterTests.swift in Sources */ = {isa = PBXBuildFile; fileRef = 872102DF1EC3C99F00F8AE4E /* ServiceRouterTests.swift */; };
		872102E21EC3CA7D00F8AE4E /* main.swift in Sources */ = {isa = PBXBuildFile; fileRef = 872102E11EC3CA7D00F8AE4E /* main.swift */; };
		872102E61EC49C8000F8AE4E /* Localizable.strings in Resources */ = {isa = PBXBuildFile; fileRef = 872102E81EC49C8000F8AE4E /* Localizable.strings */; };
		872102EE1EC4A5B000F8AE4E /* posts.json in Resources */ = {isa = PBXBuildFile; fileRef = 872102ED1EC4A5B000F8AE4E /* posts.json */; };
		872102F01EC4A6CB00F8AE4E /* users.json in Resources */ = {isa = PBXBuildFile; fileRef = 872102EF1EC4A6CB00F8AE4E /* users.json */; };
		872102F21EC4A70000F8AE4E /* comments.json in Resources */ = {isa = PBXBuildFile; fileRef = 872102F11EC4A70000F8AE4E /* comments.json */; };
		872102F41EC4A87000F8AE4E /* BabylonHealthServiceAPITests.swift in Sources */ = {isa = PBXBuildFile; fileRef = 872102F31EC4A87000F8AE4E /* BabylonHealthServiceAPITests.swift */; };
		873C03AD1ECC4936000B6C8E /* CommentObject.swift in Sources */ = {isa = PBXBuildFile; fileRef = 873C03AA1ECC4936000B6C8E /* CommentObject.swift */; };
		873C03AE1ECC4936000B6C8E /* PostObject.swift in Sources */ = {isa = PBXBuildFile; fileRef = 873C03AB1ECC4936000B6C8E /* PostObject.swift */; };
		873C03AF1ECC4936000B6C8E /* UserObject.swift in Sources */ = {isa = PBXBuildFile; fileRef = 873C03AC1ECC4936000B6C8E /* UserObject.swift */; };
		873C03B11ECC49AD000B6C8E /* Info.plist in Resources */ = {isa = PBXBuildFile; fileRef = 873C03B01ECC49AD000B6C8E /* Info.plist */; };
		875300B31ECB42FB0067B317 /* DataRequest+Request.swift in Sources */ = {isa = PBXBuildFile; fileRef = 875300B21ECB42FB0067B317 /* DataRequest+Request.swift */; };
		8760C9BF1ECB54490003F2B7 /* DetailCell.swift in Sources */ = {isa = PBXBuildFile; fileRef = 8760C9BD1ECB54490003F2B7 /* DetailCell.swift */; };
		8760C9C01ECB54490003F2B7 /* PostCell.swift in Sources */ = {isa = PBXBuildFile; fileRef = 8760C9BE1ECB54490003F2B7 /* PostCell.swift */; };
		876CA6FC1EC4E69F00A2EA78 /* DetailViewModel.swift in Sources */ = {isa = PBXBuildFile; fileRef = 876CA6FB1EC4E69F00A2EA78 /* DetailViewModel.swift */; };
		879C2E301EBCEEDC00986674 /* Main.storyboard in Resources */ = {isa = PBXBuildFile; fileRef = 879C2E2E1EBCEEDC00986674 /* Main.storyboard */; };
		879C2E321EBCEEDC00986674 /* Assets.xcassets in Resources */ = {isa = PBXBuildFile; fileRef = 879C2E311EBCEEDC00986674 /* Assets.xcassets */; };
		879C2E351EBCEEDC00986674 /* LaunchScreen.storyboard in Resources */ = {isa = PBXBuildFile; fileRef = 879C2E331EBCEEDC00986674 /* LaunchScreen.storyboard */; };
		879C2E4B1EBCEEDC00986674 /* BabylonHealthUITests.swift in Sources */ = {isa = PBXBuildFile; fileRef = 879C2E4A1EBCEEDC00986674 /* BabylonHealthUITests.swift */; };
		879C2E5B1EBCF07B00986674 /* AppDelegate.swift in Sources */ = {isa = PBXBuildFile; fileRef = 879C2E5A1EBCF07B00986674 /* AppDelegate.swift */; };
		879C2E631EBCF1E000986674 /* PostsScreenTableViewController.swift in Sources */ = {isa = PBXBuildFile; fileRef = 879C2E621EBCF1E000986674 /* PostsScreenTableViewController.swift */; };
		879C2E691EBCF4AE00986674 /* BabylonHealthServiceAPI.swift in Sources */ = {isa = PBXBuildFile; fileRef = 879C2E681EBCF4AE00986674 /* BabylonHealthServiceAPI.swift */; };
		879C2E711EBD2A4500986674 /* CellTextPresentable.swift in Sources */ = {isa = PBXBuildFile; fileRef = 879C2E701EBD2A4500986674 /* CellTextPresentable.swift */; };
		879C2E731EBD321300986674 /* DataSource.swift in Sources */ = {isa = PBXBuildFile; fileRef = 879C2E721EBD321300986674 /* DataSource.swift */; };
		879C2E761EBD330E00986674 /* Reusable.swift in Sources */ = {isa = PBXBuildFile; fileRef = 879C2E751EBD330E00986674 /* Reusable.swift */; };
		879C2E7A1EBD4A0C00986674 /* DetailScreenViewController.swift in Sources */ = {isa = PBXBuildFile; fileRef = 879C2E791EBD4A0C00986674 /* DetailScreenViewController.swift */; };
		87B7F4311EC60A5300AA2854 /* DetailViewModelTests.swift in Sources */ = {isa = PBXBuildFile; fileRef = 87B7F4301EC60A5300AA2854 /* DetailViewModelTests.swift */; };
		87E809301EC2479C00DAD709 /* Provider.swift in Sources */ = {isa = PBXBuildFile; fileRef = 87E8092F1EC2479C00DAD709 /* Provider.swift */; };
		87E809321EC27A4600DAD709 /* Comment.swift in Sources */ = {isa = PBXBuildFile; fileRef = 87E809311EC27A4600DAD709 /* Comment.swift */; };
		87E809341EC27A5600DAD709 /* User.swift in Sources */ = {isa = PBXBuildFile; fileRef = 87E809331EC27A5600DAD709 /* User.swift */; };
		87E809361EC27A6C00DAD709 /* Post.swift in Sources */ = {isa = PBXBuildFile; fileRef = 87E809351EC27A6C00DAD709 /* Post.swift */; };
		BE4197C9424ABE23278F95EA /* Pods_BabylonHealthUITests.framework in Frameworks */ = {isa = PBXBuildFile; fileRef = 667A35F7A85B8431810BA4B7 /* Pods_BabylonHealthUITests.framework */; };
		C53F2D91E7AC1916D3AA1156 /* Pods_BabylonHealthTests.framework in Frameworks */ = {isa = PBXBuildFile; fileRef = 108C0097667ADE6D96B573F5 /* Pods_BabylonHealthTests.framework */; };
/* End PBXBuildFile section */

/* Begin PBXContainerItemProxy section */
		879C2E3C1EBCEEDC00986674 /* PBXContainerItemProxy */ = {
			isa = PBXContainerItemProxy;
			containerPortal = 879C2E1F1EBCEEDC00986674 /* Project object */;
			proxyType = 1;
			remoteGlobalIDString = 879C2E261EBCEEDC00986674;
			remoteInfo = BabylonHealth;
		};
		879C2E471EBCEEDC00986674 /* PBXContainerItemProxy */ = {
			isa = PBXContainerItemProxy;
			containerPortal = 879C2E1F1EBCEEDC00986674 /* Project object */;
			proxyType = 1;
			remoteGlobalIDString = 879C2E261EBCEEDC00986674;
			remoteInfo = BabylonHealth;
		};
/* End PBXContainerItemProxy section */

/* Begin PBXFileReference section */
		0812829645EF7496387C8018 /* Pods_BabylonHealth.framework */ = {isa = PBXFileReference; explicitFileType = wrapper.framework; includeInIndex = 0; path = Pods_BabylonHealth.framework; sourceTree = BUILT_PRODUCTS_DIR; };
		08B6A075B6E353AE21D59545 /* Pods-BabylonHealthTests.release.xcconfig */ = {isa = PBXFileReference; includeInIndex = 1; lastKnownFileType = text.xcconfig; name = "Pods-BabylonHealthTests.release.xcconfig"; path = "Pods/Target Support Files/Pods-BabylonHealthTests/Pods-BabylonHealthTests.release.xcconfig"; sourceTree = "<group>"; };
		0BD27EEACA4F42FE2FD1BF05 /* Pods-BabylonHealth.debug.xcconfig */ = {isa = PBXFileReference; includeInIndex = 1; lastKnownFileType = text.xcconfig; name = "Pods-BabylonHealth.debug.xcconfig"; path = "Pods/Target Support Files/Pods-BabylonHealth/Pods-BabylonHealth.debug.xcconfig"; sourceTree = "<group>"; };
		108C0097667ADE6D96B573F5 /* Pods_BabylonHealthTests.framework */ = {isa = PBXFileReference; explicitFileType = wrapper.framework; includeInIndex = 0; path = Pods_BabylonHealthTests.framework; sourceTree = BUILT_PRODUCTS_DIR; };
		667A35F7A85B8431810BA4B7 /* Pods_BabylonHealthUITests.framework */ = {isa = PBXFileReference; explicitFileType = wrapper.framework; includeInIndex = 0; path = Pods_BabylonHealthUITests.framework; sourceTree = BUILT_PRODUCTS_DIR; };
		8242FF12225FA4CC97F18F58 /* Pods-BabylonHealth.release.xcconfig */ = {isa = PBXFileReference; includeInIndex = 1; lastKnownFileType = text.xcconfig; name = "Pods-BabylonHealth.release.xcconfig"; path = "Pods/Target Support Files/Pods-BabylonHealth/Pods-BabylonHealth.release.xcconfig"; sourceTree = "<group>"; };
		85BB6E49AC674724BB310D05 /* Pods-BabylonHealthUITests.debug.xcconfig */ = {isa = PBXFileReference; includeInIndex = 1; lastKnownFileType = text.xcconfig; name = "Pods-BabylonHealthUITests.debug.xcconfig"; path = "Pods/Target Support Files/Pods-BabylonHealthUITests/Pods-BabylonHealthUITests.debug.xcconfig"; sourceTree = "<group>"; };
		8715E44D1EBDF667005EE564 /* ServiceRouter.swift */ = {isa = PBXFileReference; fileEncoding = 4; lastKnownFileType = sourcecode.swift; name = ServiceRouter.swift; path = controllers/ServiceRouter.swift; sourceTree = "<group>"; };
		8715E45C1EC0B89D005EE564 /* Persistable.swift */ = {isa = PBXFileReference; fileEncoding = 4; lastKnownFileType = sourcecode.swift; name = Persistable.swift; path = protocols/Persistable.swift; sourceTree = "<group>"; };
		872102D21EC3C8A100F8AE4E /* CommentObjectTests.swift */ = {isa = PBXFileReference; fileEncoding = 4; lastKnownFileType = sourcecode.swift; name = CommentObjectTests.swift; path = models/CommentObjectTests.swift; sourceTree = "<group>"; };
		872102D51EC3C8C900F8AE4E /* UserObjectModelTests.swift */ = {isa = PBXFileReference; fileEncoding = 4; lastKnownFileType = sourcecode.swift; name = UserObjectModelTests.swift; path = models/UserObjectModelTests.swift; sourceTree = "<group>"; };
		872102D71EC3C8DF00F8AE4E /* PostObjectModelTests.swift */ = {isa = PBXFileReference; fileEncoding = 4; lastKnownFileType = sourcecode.swift; name = PostObjectModelTests.swift; path = models/PostObjectModelTests.swift; sourceTree = "<group>"; };
		872102DD1EC3C97800F8AE4E /* ProviderTests.swift */ = {isa = PBXFileReference; fileEncoding = 4; lastKnownFileType = sourcecode.swift; name = ProviderTests.swift; path = controllers/ProviderTests.swift; sourceTree = "<group>"; };
		872102DF1EC3C99F00F8AE4E /* ServiceRouterTests.swift */ = {isa = PBXFileReference; fileEncoding = 4; lastKnownFileType = sourcecode.swift; name = ServiceRouterTests.swift; path = controllers/ServiceRouterTests.swift; sourceTree = "<group>"; };
		872102E11EC3CA7D00F8AE4E /* main.swift */ = {isa = PBXFileReference; fileEncoding = 4; lastKnownFileType = sourcecode.swift; name = main.swift; path = "Supporting Files/main.swift"; sourceTree = "<group>"; };
		872102E71EC49C8000F8AE4E /* en */ = {isa = PBXFileReference; lastKnownFileType = text.plist.strings; name = en; path = en.lproj/Localizable.strings; sourceTree = "<group>"; };
		872102E91EC49CAC00F8AE4E /* pt-BR */ = {isa = PBXFileReference; lastKnownFileType = text.plist.strings; name = "pt-BR"; path = "pt-BR.lproj/Localizable.strings"; sourceTree = "<group>"; };
		872102ED1EC4A5B000F8AE4E /* posts.json */ = {isa = PBXFileReference; fileEncoding = 4; lastKnownFileType = text.json; name = posts.json; path = fixtures/posts.json; sourceTree = "<group>"; };
		872102EF1EC4A6CB00F8AE4E /* users.json */ = {isa = PBXFileReference; fileEncoding = 4; lastKnownFileType = text.json; name = users.json; path = fixtures/users.json; sourceTree = "<group>"; };
		872102F11EC4A70000F8AE4E /* comments.json */ = {isa = PBXFileReference; fileEncoding = 4; lastKnownFileType = text.json; name = comments.json; path = fixtures/comments.json; sourceTree = "<group>"; };
		872102F31EC4A87000F8AE4E /* BabylonHealthServiceAPITests.swift */ = {isa = PBXFileReference; fileEncoding = 4; lastKnownFileType = sourcecode.swift; name = BabylonHealthServiceAPITests.swift; path = controllers/BabylonHealthServiceAPITests.swift; sourceTree = "<group>"; };
		873C03AA1ECC4936000B6C8E /* CommentObject.swift */ = {isa = PBXFileReference; fileEncoding = 4; lastKnownFileType = sourcecode.swift; path = CommentObject.swift; sourceTree = "<group>"; };
		873C03AB1ECC4936000B6C8E /* PostObject.swift */ = {isa = PBXFileReference; fileEncoding = 4; lastKnownFileType = sourcecode.swift; path = PostObject.swift; sourceTree = "<group>"; };
		873C03AC1ECC4936000B6C8E /* UserObject.swift */ = {isa = PBXFileReference; fileEncoding = 4; lastKnownFileType = sourcecode.swift; path = UserObject.swift; sourceTree = "<group>"; };
		873C03B01ECC49AD000B6C8E /* Info.plist */ = {isa = PBXFileReference; fileEncoding = 4; lastKnownFileType = text.plist.xml; path = Info.plist; sourceTree = "<group>"; };
		875300B21ECB42FB0067B317 /* DataRequest+Request.swift */ = {isa = PBXFileReference; fileEncoding = 4; lastKnownFileType = sourcecode.swift; name = "DataRequest+Request.swift"; path = "extensions/DataRequest+Request.swift"; sourceTree = "<group>"; };
		8760C9BD1ECB54490003F2B7 /* DetailCell.swift */ = {isa = PBXFileReference; fileEncoding = 4; lastKnownFileType = sourcecode.swift; name = DetailCell.swift; path = views/cells/DetailCell.swift; sourceTree = "<group>"; };
		8760C9BE1ECB54490003F2B7 /* PostCell.swift */ = {isa = PBXFileReference; fileEncoding = 4; lastKnownFileType = sourcecode.swift; name = PostCell.swift; path = views/cells/PostCell.swift; sourceTree = "<group>"; };
		876CA6FB1EC4E69F00A2EA78 /* DetailViewModel.swift */ = {isa = PBXFileReference; fileEncoding = 4; lastKnownFileType = sourcecode.swift; name = DetailViewModel.swift; path = viewmodels/DetailViewModel.swift; sourceTree = "<group>"; };
		879C2E271EBCEEDC00986674 /* BabylonHealth.app */ = {isa = PBXFileReference; explicitFileType = wrapper.application; includeInIndex = 0; path = BabylonHealth.app; sourceTree = BUILT_PRODUCTS_DIR; };
		879C2E2F1EBCEEDC00986674 /* Base */ = {isa = PBXFileReference; lastKnownFileType = file.storyboard; name = Base; path = Base.lproj/Main.storyboard; sourceTree = "<group>"; };
		879C2E311EBCEEDC00986674 /* Assets.xcassets */ = {isa = PBXFileReference; lastKnownFileType = folder.assetcatalog; path = Assets.xcassets; sourceTree = "<group>"; };
		879C2E341EBCEEDC00986674 /* Base */ = {isa = PBXFileReference; lastKnownFileType = file.storyboard; name = Base; path = Base.lproj/LaunchScreen.storyboard; sourceTree = "<group>"; };
		879C2E3B1EBCEEDC00986674 /* BabylonHealthTests.xctest */ = {isa = PBXFileReference; explicitFileType = wrapper.cfbundle; includeInIndex = 0; path = BabylonHealthTests.xctest; sourceTree = BUILT_PRODUCTS_DIR; };
		879C2E411EBCEEDC00986674 /* Info.plist */ = {isa = PBXFileReference; lastKnownFileType = text.plist.xml; name = Info.plist; path = "Supporting Files/Info.plist"; sourceTree = "<group>"; };
		879C2E461EBCEEDC00986674 /* BabylonHealthUITests.xctest */ = {isa = PBXFileReference; explicitFileType = wrapper.cfbundle; includeInIndex = 0; path = BabylonHealthUITests.xctest; sourceTree = BUILT_PRODUCTS_DIR; };
		879C2E4A1EBCEEDC00986674 /* BabylonHealthUITests.swift */ = {isa = PBXFileReference; lastKnownFileType = sourcecode.swift; path = BabylonHealthUITests.swift; sourceTree = "<group>"; };
		879C2E4C1EBCEEDC00986674 /* Info.plist */ = {isa = PBXFileReference; lastKnownFileType = text.plist.xml; path = Info.plist; sourceTree = "<group>"; };
		879C2E5A1EBCF07B00986674 /* AppDelegate.swift */ = {isa = PBXFileReference; fileEncoding = 4; lastKnownFileType = sourcecode.swift; name = AppDelegate.swift; path = application/AppDelegate.swift; sourceTree = "<group>"; };
		879C2E621EBCF1E000986674 /* PostsScreenTableViewController.swift */ = {isa = PBXFileReference; fileEncoding = 4; lastKnownFileType = sourcecode.swift; name = PostsScreenTableViewController.swift; path = viewcontrollers/PostsScreenTableViewController.swift; sourceTree = "<group>"; };
		879C2E681EBCF4AE00986674 /* BabylonHealthServiceAPI.swift */ = {isa = PBXFileReference; fileEncoding = 4; lastKnownFileType = sourcecode.swift; name = BabylonHealthServiceAPI.swift; path = controllers/BabylonHealthServiceAPI.swift; sourceTree = "<group>"; };
		879C2E701EBD2A4500986674 /* CellTextPresentable.swift */ = {isa = PBXFileReference; fileEncoding = 4; lastKnownFileType = sourcecode.swift; name = CellTextPresentable.swift; path = protocols/CellTextPresentable.swift; sourceTree = "<group>"; };
		879C2E721EBD321300986674 /* DataSource.swift */ = {isa = PBXFileReference; fileEncoding = 4; lastKnownFileType = sourcecode.swift; name = DataSource.swift; path = datasource/DataSource.swift; sourceTree = "<group>"; };
		879C2E751EBD330E00986674 /* Reusable.swift */ = {isa = PBXFileReference; fileEncoding = 4; lastKnownFileType = sourcecode.swift; name = Reusable.swift; path = protocols/Reusable.swift; sourceTree = "<group>"; };
		879C2E791EBD4A0C00986674 /* DetailScreenViewController.swift */ = {isa = PBXFileReference; fileEncoding = 4; lastKnownFileType = sourcecode.swift; name = DetailScreenViewController.swift; path = viewcontrollers/DetailScreenViewController.swift; sourceTree = "<group>"; };
		87B7F4301EC60A5300AA2854 /* DetailViewModelTests.swift */ = {isa = PBXFileReference; fileEncoding = 4; lastKnownFileType = sourcecode.swift; name = DetailViewModelTests.swift; path = viewmodels/DetailViewModelTests.swift; sourceTree = "<group>"; };
		87E8092F1EC2479C00DAD709 /* Provider.swift */ = {isa = PBXFileReference; fileEncoding = 4; lastKnownFileType = sourcecode.swift; name = Provider.swift; path = controllers/Provider.swift; sourceTree = "<group>"; };
		87E809311EC27A4600DAD709 /* Comment.swift */ = {isa = PBXFileReference; fileEncoding = 4; lastKnownFileType = sourcecode.swift; name = Comment.swift; path = models/Comment.swift; sourceTree = "<group>"; };
		87E809331EC27A5600DAD709 /* User.swift */ = {isa = PBXFileReference; fileEncoding = 4; lastKnownFileType = sourcecode.swift; name = User.swift; path = models/User.swift; sourceTree = "<group>"; };
		87E809351EC27A6C00DAD709 /* Post.swift */ = {isa = PBXFileReference; fileEncoding = 4; lastKnownFileType = sourcecode.swift; name = Post.swift; path = models/Post.swift; sourceTree = "<group>"; };
		B5F6B1E7A380E38A4D53EBC9 /* Pods-BabylonHealthTests.debug.xcconfig */ = {isa = PBXFileReference; includeInIndex = 1; lastKnownFileType = text.xcconfig; name = "Pods-BabylonHealthTests.debug.xcconfig"; path = "Pods/Target Support Files/Pods-BabylonHealthTests/Pods-BabylonHealthTests.debug.xcconfig"; sourceTree = "<group>"; };
		DC8A13618EF5C08A735D9B55 /* Pods-BabylonHealthUITests.release.xcconfig */ = {isa = PBXFileReference; includeInIndex = 1; lastKnownFileType = text.xcconfig; name = "Pods-BabylonHealthUITests.release.xcconfig"; path = "Pods/Target Support Files/Pods-BabylonHealthUITests/Pods-BabylonHealthUITests.release.xcconfig"; sourceTree = "<group>"; };
/* End PBXFileReference section */

/* Begin PBXFrameworksBuildPhase section */
		879C2E241EBCEEDC00986674 /* Frameworks */ = {
			isa = PBXFrameworksBuildPhase;
			buildActionMask = 2147483647;
			files = (
				4CF51A02AF62EE77662106CD /* Pods_BabylonHealth.framework in Frameworks */,
			);
			runOnlyForDeploymentPostprocessing = 0;
		};
		879C2E381EBCEEDC00986674 /* Frameworks */ = {
			isa = PBXFrameworksBuildPhase;
			buildActionMask = 2147483647;
			files = (
				C53F2D91E7AC1916D3AA1156 /* Pods_BabylonHealthTests.framework in Frameworks */,
			);
			runOnlyForDeploymentPostprocessing = 0;
		};
		879C2E431EBCEEDC00986674 /* Frameworks */ = {
			isa = PBXFrameworksBuildPhase;
			buildActionMask = 2147483647;
			files = (
				BE4197C9424ABE23278F95EA /* Pods_BabylonHealthUITests.framework in Frameworks */,
			);
			runOnlyForDeploymentPostprocessing = 0;
		};
/* End PBXFrameworksBuildPhase section */

/* Begin PBXGroup section */
		2F5F5C58E59ED45327C6F73E /* Frameworks */ = {
			isa = PBXGroup;
			children = (
				0812829645EF7496387C8018 /* Pods_BabylonHealth.framework */,
				108C0097667ADE6D96B573F5 /* Pods_BabylonHealthTests.framework */,
				667A35F7A85B8431810BA4B7 /* Pods_BabylonHealthUITests.framework */,
			);
			name = Frameworks;
			sourceTree = "<group>";
		};
		872102D41EC3C8A900F8AE4E /* models */ = {
			isa = PBXGroup;
			children = (
				872102D21EC3C8A100F8AE4E /* CommentObjectTests.swift */,
				872102D51EC3C8C900F8AE4E /* UserObjectModelTests.swift */,
				872102D71EC3C8DF00F8AE4E /* PostObjectModelTests.swift */,
			);
			name = models;
			sourceTree = "<group>";
		};
		872102D91EC3C8EC00F8AE4E /* Supporting Files */ = {
			isa = PBXGroup;
			children = (
				879C2E411EBCEEDC00986674 /* Info.plist */,
			);
			name = "Supporting Files";
			sourceTree = "<group>";
		};
		872102DC1EC3C95800F8AE4E /* controllers */ = {
			isa = PBXGroup;
			children = (
				872102DD1EC3C97800F8AE4E /* ProviderTests.swift */,
				872102DF1EC3C99F00F8AE4E /* ServiceRouterTests.swift */,
				872102F31EC4A87000F8AE4E /* BabylonHealthServiceAPITests.swift */,
			);
			name = controllers;
			sourceTree = "<group>";
		};
		872102EC1EC4A4DB00F8AE4E /* fixtures */ = {
			isa = PBXGroup;
			children = (
				872102ED1EC4A5B000F8AE4E /* posts.json */,
				872102EF1EC4A6CB00F8AE4E /* users.json */,
				872102F11EC4A70000F8AE4E /* comments.json */,
			);
			name = fixtures;
			sourceTree = "<group>";
		};
		8760C9B91ECB53B90003F2B7 /* cells */ = {
			isa = PBXGroup;
			children = (
				8760C9BD1ECB54490003F2B7 /* DetailCell.swift */,
				8760C9BE1ECB54490003F2B7 /* PostCell.swift */,
			);
			name = cells;
			sourceTree = "<group>";
		};
		879C2E1E1EBCEEDC00986674 = {
			isa = PBXGroup;
			children = (
				879C2E291EBCEEDC00986674 /* BabylonHealth */,
				879C2E3E1EBCEEDC00986674 /* BabylonHealthTests */,
				879C2E491EBCEEDC00986674 /* BabylonHealthUITests */,
				879C2E281EBCEEDC00986674 /* Products */,
				892DC1CAC97D0D68FE03F7AE /* Pods */,
				2F5F5C58E59ED45327C6F73E /* Frameworks */,
			);
			sourceTree = "<group>";
		};
		879C2E281EBCEEDC00986674 /* Products */ = {
			isa = PBXGroup;
			children = (
				879C2E271EBCEEDC00986674 /* BabylonHealth.app */,
				879C2E3B1EBCEEDC00986674 /* BabylonHealthTests.xctest */,
				879C2E461EBCEEDC00986674 /* BabylonHealthUITests.xctest */,
			);
			name = Products;
			sourceTree = "<group>";
		};
		879C2E291EBCEEDC00986674 /* BabylonHealth */ = {
			isa = PBXGroup;
			children = (
				879C2E591EBCF03A00986674 /* application */,
				879C2E641EBCF23100986674 /* controllers */,
				879C2E741EBD321800986674 /* datasource */,
				879C2E651EBCF26300986674 /* extensions */,
				879C2E5F1EBCF14900986674 /* interface */,
				879C2E661EBCF29900986674 /* models */,
				879C2E671EBCF2BD00986674 /* protocols */,
				879C2E601EBCF15800986674 /* resources */,
				879C2E5C1EBCF0DE00986674 /* viewcontrollers */,
				879C2E6D1EBD1C5300986674 /* views */,
				879C2E6C1EBD1C3700986674 /* viewmodels */,
				879C2E611EBCF16D00986674 /* Supporting Files */,
			);
			path = BabylonHealth;
			sourceTree = "<group>";
		};
		879C2E3E1EBCEEDC00986674 /* BabylonHealthTests */ = {
			isa = PBXGroup;
			children = (
				872102EC1EC4A4DB00F8AE4E /* fixtures */,
				872102D91EC3C8EC00F8AE4E /* Supporting Files */,
				872102D41EC3C8A900F8AE4E /* models */,
				872102DC1EC3C95800F8AE4E /* controllers */,
				87B7F4321EC60A5C00AA2854 /* viewmodels */,
			);
			path = BabylonHealthTests;
			sourceTree = "<group>";
		};
		879C2E491EBCEEDC00986674 /* BabylonHealthUITests */ = {
			isa = PBXGroup;
			children = (
				879C2E4A1EBCEEDC00986674 /* BabylonHealthUITests.swift */,
				879C2E4C1EBCEEDC00986674 /* Info.plist */,
			);
			path = BabylonHealthUITests;
			sourceTree = "<group>";
		};
		879C2E591EBCF03A00986674 /* application */ = {
			isa = PBXGroup;
			children = (
				879C2E5A1EBCF07B00986674 /* AppDelegate.swift */,
			);
			name = application;
			sourceTree = "<group>";
		};
		879C2E5C1EBCF0DE00986674 /* viewcontrollers */ = {
			isa = PBXGroup;
			children = (
				879C2E621EBCF1E000986674 /* PostsScreenTableViewController.swift */,
				879C2E791EBD4A0C00986674 /* DetailScreenViewController.swift */,
			);
			name = viewcontrollers;
			sourceTree = "<group>";
		};
		879C2E5F1EBCF14900986674 /* interface */ = {
			isa = PBXGroup;
			children = (
				879C2E2E1EBCEEDC00986674 /* Main.storyboard */,
				879C2E331EBCEEDC00986674 /* LaunchScreen.storyboard */,
			);
			name = interface;
			sourceTree = "<group>";
		};
		879C2E601EBCF15800986674 /* resources */ = {
			isa = PBXGroup;
			children = (
				879C2E311EBCEEDC00986674 /* Assets.xcassets */,
			);
			name = resources;
			sourceTree = "<group>";
		};
		879C2E611EBCF16D00986674 /* Supporting Files */ = {
			isa = PBXGroup;
			children = (
				873C03B01ECC49AD000B6C8E /* Info.plist */,
				872102E11EC3CA7D00F8AE4E /* main.swift */,
				872102E81EC49C8000F8AE4E /* Localizable.strings */,
			);
			name = "Supporting Files";
			sourceTree = "<group>";
		};
		879C2E641EBCF23100986674 /* controllers */ = {
			isa = PBXGroup;
			children = (
				879C2E681EBCF4AE00986674 /* BabylonHealthServiceAPI.swift */,
				87E8092F1EC2479C00DAD709 /* Provider.swift */,
				8715E44D1EBDF667005EE564 /* ServiceRouter.swift */,
			);
			name = controllers;
			sourceTree = "<group>";
		};
		879C2E651EBCF26300986674 /* extensions */ = {
			isa = PBXGroup;
			children = (
				875300B21ECB42FB0067B317 /* DataRequest+Request.swift */,
			);
			name = extensions;
			sourceTree = "<group>";
		};
		879C2E661EBCF29900986674 /* models */ = {
			isa = PBXGroup;
			children = (
				87E809391EC335C500DAD709 /* persistentModel */,
				87E809311EC27A4600DAD709 /* Comment.swift */,
				87E809331EC27A5600DAD709 /* User.swift */,
				87E809351EC27A6C00DAD709 /* Post.swift */,
			);
			name = models;
			sourceTree = "<group>";
		};
		879C2E671EBCF2BD00986674 /* protocols */ = {
			isa = PBXGroup;
			children = (
				8715E45C1EC0B89D005EE564 /* Persistable.swift */,
				879C2E751EBD330E00986674 /* Reusable.swift */,
				879C2E701EBD2A4500986674 /* CellTextPresentable.swift */,
			);
			name = protocols;
			sourceTree = "<group>";
		};
		879C2E6C1EBD1C3700986674 /* viewmodels */ = {
			isa = PBXGroup;
			children = (
				876CA6FB1EC4E69F00A2EA78 /* DetailViewModel.swift */,
			);
			name = viewmodels;
			sourceTree = "<group>";
		};
		879C2E6D1EBD1C5300986674 /* views */ = {
			isa = PBXGroup;
			children = (
				8760C9B91ECB53B90003F2B7 /* cells */,
			);
			name = views;
			sourceTree = "<group>";
		};
		879C2E741EBD321800986674 /* datasource */ = {
			isa = PBXGroup;
			children = (
				879C2E721EBD321300986674 /* DataSource.swift */,
			);
			name = datasource;
			sourceTree = "<group>";
		};
		87B7F4321EC60A5C00AA2854 /* viewmodels */ = {
			isa = PBXGroup;
			children = (
				87B7F4301EC60A5300AA2854 /* DetailViewModelTests.swift */,
			);
			name = viewmodels;
			sourceTree = "<group>";
		};
		87E809391EC335C500DAD709 /* persistentModel */ = {
			isa = PBXGroup;
			children = (
				873C03AA1ECC4936000B6C8E /* CommentObject.swift */,
				873C03AB1ECC4936000B6C8E /* PostObject.swift */,
				873C03AC1ECC4936000B6C8E /* UserObject.swift */,
			);
			name = persistentModel;
			sourceTree = "<group>";
		};
		892DC1CAC97D0D68FE03F7AE /* Pods */ = {
			isa = PBXGroup;
			children = (
				0BD27EEACA4F42FE2FD1BF05 /* Pods-BabylonHealth.debug.xcconfig */,
				8242FF12225FA4CC97F18F58 /* Pods-BabylonHealth.release.xcconfig */,
				B5F6B1E7A380E38A4D53EBC9 /* Pods-BabylonHealthTests.debug.xcconfig */,
				08B6A075B6E353AE21D59545 /* Pods-BabylonHealthTests.release.xcconfig */,
				85BB6E49AC674724BB310D05 /* Pods-BabylonHealthUITests.debug.xcconfig */,
				DC8A13618EF5C08A735D9B55 /* Pods-BabylonHealthUITests.release.xcconfig */,
			);
			name = Pods;
			sourceTree = "<group>";
		};
/* End PBXGroup section */

/* Begin PBXNativeTarget section */
		879C2E261EBCEEDC00986674 /* BabylonHealth */ = {
			isa = PBXNativeTarget;
			buildConfigurationList = 879C2E4F1EBCEEDC00986674 /* Build configuration list for PBXNativeTarget "BabylonHealth" */;
			buildPhases = (
				9AD6DD13742E98808BF3EBAB /* [CP] Check Pods Manifest.lock */,
				879C2E231EBCEEDC00986674 /* Sources */,
				879C2E241EBCEEDC00986674 /* Frameworks */,
				879C2E251EBCEEDC00986674 /* Resources */,
				879C2E581EBCEEEB00986674 /* Swiftlint */,
				6D81C50D799532944B30D8C6 /* [CP] Embed Pods Frameworks */,
				1A2A7FE4F022B7E5DCB9324C /* [CP] Copy Pods Resources */,
			);
			buildRules = (
			);
			dependencies = (
			);
			name = BabylonHealth;
			productName = BabylonHealth;
			productReference = 879C2E271EBCEEDC00986674 /* BabylonHealth.app */;
			productType = "com.apple.product-type.application";
		};
		879C2E3A1EBCEEDC00986674 /* BabylonHealthTests */ = {
			isa = PBXNativeTarget;
			buildConfigurationList = 879C2E521EBCEEDC00986674 /* Build configuration list for PBXNativeTarget "BabylonHealthTests" */;
			buildPhases = (
				6417BD38E974402A9949B784 /* [CP] Check Pods Manifest.lock */,
				879C2E371EBCEEDC00986674 /* Sources */,
				879C2E381EBCEEDC00986674 /* Frameworks */,
				879C2E391EBCEEDC00986674 /* Resources */,
				964467B6EAA1B2F80E18D71B /* [CP] Embed Pods Frameworks */,
				75C28A6AAF2AD913A15F9972 /* [CP] Copy Pods Resources */,
			);
			buildRules = (
			);
			dependencies = (
				879C2E3D1EBCEEDC00986674 /* PBXTargetDependency */,
			);
			name = BabylonHealthTests;
			productName = BabylonHealthTests;
			productReference = 879C2E3B1EBCEEDC00986674 /* BabylonHealthTests.xctest */;
			productType = "com.apple.product-type.bundle.unit-test";
		};
		879C2E451EBCEEDC00986674 /* BabylonHealthUITests */ = {
			isa = PBXNativeTarget;
			buildConfigurationList = 879C2E551EBCEEDC00986674 /* Build configuration list for PBXNativeTarget "BabylonHealthUITests" */;
			buildPhases = (
				AAD0AF665FD1EFA54E38EB6E /* [CP] Check Pods Manifest.lock */,
				879C2E421EBCEEDC00986674 /* Sources */,
				879C2E431EBCEEDC00986674 /* Frameworks */,
				879C2E441EBCEEDC00986674 /* Resources */,
				9D4F522D4AD23ABBF3C84871 /* [CP] Embed Pods Frameworks */,
				1870EA53127E4DD671D84283 /* [CP] Copy Pods Resources */,
			);
			buildRules = (
			);
			dependencies = (
				879C2E481EBCEEDC00986674 /* PBXTargetDependency */,
			);
			name = BabylonHealthUITests;
			productName = BabylonHealthUITests;
			productReference = 879C2E461EBCEEDC00986674 /* BabylonHealthUITests.xctest */;
			productType = "com.apple.product-type.bundle.ui-testing";
		};
/* End PBXNativeTarget section */

/* Begin PBXProject section */
		879C2E1F1EBCEEDC00986674 /* Project object */ = {
			isa = PBXProject;
			attributes = {
				LastSwiftUpdateCheck = 0830;
				LastUpgradeCheck = 0830;
				ORGANIZATIONNAME = "Alessandro dos Santos Pinto";
				TargetAttributes = {
					879C2E261EBCEEDC00986674 = {
						CreatedOnToolsVersion = 8.3.2;
						DevelopmentTeam = LZASXEKJ7F;
						ProvisioningStyle = Automatic;
					};
					879C2E3A1EBCEEDC00986674 = {
						CreatedOnToolsVersion = 8.3.2;
						DevelopmentTeam = LZASXEKJ7F;
						LastSwiftMigration = 0830;
						ProvisioningStyle = Automatic;
						TestTargetID = 879C2E261EBCEEDC00986674;
					};
					879C2E451EBCEEDC00986674 = {
						CreatedOnToolsVersion = 8.3.2;
						DevelopmentTeam = LZASXEKJ7F;
						ProvisioningStyle = Automatic;
						TestTargetID = 879C2E261EBCEEDC00986674;
					};
				};
			};
			buildConfigurationList = 879C2E221EBCEEDC00986674 /* Build configuration list for PBXProject "BabylonHealth" */;
			compatibilityVersion = "Xcode 3.2";
			developmentRegion = English;
			hasScannedForEncodings = 0;
			knownRegions = (
				en,
				Base,
				"pt-BR",
			);
			mainGroup = 879C2E1E1EBCEEDC00986674;
			productRefGroup = 879C2E281EBCEEDC00986674 /* Products */;
			projectDirPath = "";
			projectRoot = "";
			targets = (
				879C2E261EBCEEDC00986674 /* BabylonHealth */,
				879C2E3A1EBCEEDC00986674 /* BabylonHealthTests */,
				879C2E451EBCEEDC00986674 /* BabylonHealthUITests */,
			);
		};
/* End PBXProject section */

/* Begin PBXResourcesBuildPhase section */
		879C2E251EBCEEDC00986674 /* Resources */ = {
			isa = PBXResourcesBuildPhase;
			buildActionMask = 2147483647;
			files = (
				879C2E351EBCEEDC00986674 /* LaunchScreen.storyboard in Resources */,
				872102E61EC49C8000F8AE4E /* Localizable.strings in Resources */,
				879C2E321EBCEEDC00986674 /* Assets.xcassets in Resources */,
				873C03B11ECC49AD000B6C8E /* Info.plist in Resources */,
				879C2E301EBCEEDC00986674 /* Main.storyboard in Resources */,
			);
			runOnlyForDeploymentPostprocessing = 0;
		};
		879C2E391EBCEEDC00986674 /* Resources */ = {
			isa = PBXResourcesBuildPhase;
			buildActionMask = 2147483647;
			files = (
				872102F01EC4A6CB00F8AE4E /* users.json in Resources */,
				872102EE1EC4A5B000F8AE4E /* posts.json in Resources */,
				872102F21EC4A70000F8AE4E /* comments.json in Resources */,
			);
			runOnlyForDeploymentPostprocessing = 0;
		};
		879C2E441EBCEEDC00986674 /* Resources */ = {
			isa = PBXResourcesBuildPhase;
			buildActionMask = 2147483647;
			files = (
			);
			runOnlyForDeploymentPostprocessing = 0;
		};
/* End PBXResourcesBuildPhase section */

/* Begin PBXShellScriptBuildPhase section */
		1870EA53127E4DD671D84283 /* [CP] Copy Pods Resources */ = {
			isa = PBXShellScriptBuildPhase;
			buildActionMask = 2147483647;
			files = (
			);
			inputPaths = (
			);
			name = "[CP] Copy Pods Resources";
			outputPaths = (
			);
			runOnlyForDeploymentPostprocessing = 0;
			shellPath = /bin/sh;
			shellScript = "\"${SRCROOT}/Pods/Target Support Files/Pods-BabylonHealthUITests/Pods-BabylonHealthUITests-resources.sh\"\n";
			showEnvVarsInLog = 0;
		};
		1A2A7FE4F022B7E5DCB9324C /* [CP] Copy Pods Resources */ = {
			isa = PBXShellScriptBuildPhase;
			buildActionMask = 2147483647;
			files = (
			);
			inputPaths = (
			);
			name = "[CP] Copy Pods Resources";
			outputPaths = (
			);
			runOnlyForDeploymentPostprocessing = 0;
			shellPath = /bin/sh;
			shellScript = "\"${SRCROOT}/Pods/Target Support Files/Pods-BabylonHealth/Pods-BabylonHealth-resources.sh\"\n";
			showEnvVarsInLog = 0;
		};
		6417BD38E974402A9949B784 /* [CP] Check Pods Manifest.lock */ = {
			isa = PBXShellScriptBuildPhase;
			buildActionMask = 2147483647;
			files = (
			);
			inputPaths = (
			);
			name = "[CP] Check Pods Manifest.lock";
			outputPaths = (
			);
			runOnlyForDeploymentPostprocessing = 0;
			shellPath = /bin/sh;
			shellScript = "diff \"${PODS_ROOT}/../Podfile.lock\" \"${PODS_ROOT}/Manifest.lock\" > /dev/null\nif [ $? != 0 ] ; then\n    # print error to STDERR\n    echo \"error: The sandbox is not in sync with the Podfile.lock. Run 'pod install' or update your CocoaPods installation.\" >&2\n    exit 1\nfi\n";
			showEnvVarsInLog = 0;
		};
		6D81C50D799532944B30D8C6 /* [CP] Embed Pods Frameworks */ = {
			isa = PBXShellScriptBuildPhase;
			buildActionMask = 2147483647;
			files = (
			);
			inputPaths = (
			);
			name = "[CP] Embed Pods Frameworks";
			outputPaths = (
			);
			runOnlyForDeploymentPostprocessing = 0;
			shellPath = /bin/sh;
			shellScript = "\"${SRCROOT}/Pods/Target Support Files/Pods-BabylonHealth/Pods-BabylonHealth-frameworks.sh\"\n";
			showEnvVarsInLog = 0;
		};
		75C28A6AAF2AD913A15F9972 /* [CP] Copy Pods Resources */ = {
			isa = PBXShellScriptBuildPhase;
			buildActionMask = 2147483647;
			files = (
			);
			inputPaths = (
			);
			name = "[CP] Copy Pods Resources";
			outputPaths = (
			);
			runOnlyForDeploymentPostprocessing = 0;
			shellPath = /bin/sh;
			shellScript = "\"${SRCROOT}/Pods/Target Support Files/Pods-BabylonHealthTests/Pods-BabylonHealthTests-resources.sh\"\n";
			showEnvVarsInLog = 0;
		};
		879C2E581EBCEEEB00986674 /* Swiftlint */ = {
			isa = PBXShellScriptBuildPhase;
			buildActionMask = 8;
			files = (
			);
			inputPaths = (
			);
			name = Swiftlint;
			outputPaths = (
			);
			runOnlyForDeploymentPostprocessing = 1;
			shellPath = /bin/sh;
			shellScript = "if which swiftlint >/dev/null; then\nswiftlint\nelse\necho \"warning: SwiftLint not installed, download from https://github.com/realm/SwiftLint\"\nfi";
		};
		964467B6EAA1B2F80E18D71B /* [CP] Embed Pods Frameworks */ = {
			isa = PBXShellScriptBuildPhase;
			buildActionMask = 2147483647;
			files = (
			);
			inputPaths = (
			);
			name = "[CP] Embed Pods Frameworks";
			outputPaths = (
			);
			runOnlyForDeploymentPostprocessing = 0;
			shellPath = /bin/sh;
			shellScript = "\"${SRCROOT}/Pods/Target Support Files/Pods-BabylonHealthTests/Pods-BabylonHealthTests-frameworks.sh\"\n";
			showEnvVarsInLog = 0;
		};
		9AD6DD13742E98808BF3EBAB /* [CP] Check Pods Manifest.lock */ = {
			isa = PBXShellScriptBuildPhase;
			buildActionMask = 2147483647;
			files = (
			);
			inputPaths = (
			);
			name = "[CP] Check Pods Manifest.lock";
			outputPaths = (
			);
			runOnlyForDeploymentPostprocessing = 0;
			shellPath = /bin/sh;
			shellScript = "diff \"${PODS_ROOT}/../Podfile.lock\" \"${PODS_ROOT}/Manifest.lock\" > /dev/null\nif [ $? != 0 ] ; then\n    # print error to STDERR\n    echo \"error: The sandbox is not in sync with the Podfile.lock. Run 'pod install' or update your CocoaPods installation.\" >&2\n    exit 1\nfi\n";
			showEnvVarsInLog = 0;
		};
		9D4F522D4AD23ABBF3C84871 /* [CP] Embed Pods Frameworks */ = {
			isa = PBXShellScriptBuildPhase;
			buildActionMask = 2147483647;
			files = (
			);
			inputPaths = (
			);
			name = "[CP] Embed Pods Frameworks";
			outputPaths = (
			);
			runOnlyForDeploymentPostprocessing = 0;
			shellPath = /bin/sh;
			shellScript = "\"${SRCROOT}/Pods/Target Support Files/Pods-BabylonHealthUITests/Pods-BabylonHealthUITests-frameworks.sh\"\n";
			showEnvVarsInLog = 0;
		};
		AAD0AF665FD1EFA54E38EB6E /* [CP] Check Pods Manifest.lock */ = {
			isa = PBXShellScriptBuildPhase;
			buildActionMask = 2147483647;
			files = (
			);
			inputPaths = (
			);
			name = "[CP] Check Pods Manifest.lock";
			outputPaths = (
			);
			runOnlyForDeploymentPostprocessing = 0;
			shellPath = /bin/sh;
			shellScript = "diff \"${PODS_ROOT}/../Podfile.lock\" \"${PODS_ROOT}/Manifest.lock\" > /dev/null\nif [ $? != 0 ] ; then\n    # print error to STDERR\n    echo \"error: The sandbox is not in sync with the Podfile.lock. Run 'pod install' or update your CocoaPods installation.\" >&2\n    exit 1\nfi\n";
			showEnvVarsInLog = 0;
		};
/* End PBXShellScriptBuildPhase section */

/* Begin PBXSourcesBuildPhase section */
		879C2E231EBCEEDC00986674 /* Sources */ = {
			isa = PBXSourcesBuildPhase;
			buildActionMask = 2147483647;
			files = (
				879C2E7A1EBD4A0C00986674 /* DetailScreenViewController.swift in Sources */,
				879C2E631EBCF1E000986674 /* PostsScreenTableViewController.swift in Sources */,
				879C2E691EBCF4AE00986674 /* BabylonHealthServiceAPI.swift in Sources */,
				879C2E731EBD321300986674 /* DataSource.swift in Sources */,
				87E809301EC2479C00DAD709 /* Provider.swift in Sources */,
				8760C9BF1ECB54490003F2B7 /* DetailCell.swift in Sources */,
				872102E21EC3CA7D00F8AE4E /* main.swift in Sources */,
				873C03AD1ECC4936000B6C8E /* CommentObject.swift in Sources */,
				873C03AE1ECC4936000B6C8E /* PostObject.swift in Sources */,
				87E809321EC27A4600DAD709 /* Comment.swift in Sources */,
				8715E44E1EBDF667005EE564 /* ServiceRouter.swift in Sources */,
				879C2E711EBD2A4500986674 /* CellTextPresentable.swift in Sources */,
				879C2E761EBD330E00986674 /* Reusable.swift in Sources */,
				879C2E5B1EBCF07B00986674 /* AppDelegate.swift in Sources */,
				8715E45D1EC0B89D005EE564 /* Persistable.swift in Sources */,
				87E809341EC27A5600DAD709 /* User.swift in Sources */,
				876CA6FC1EC4E69F00A2EA78 /* DetailViewModel.swift in Sources */,
				87E809361EC27A6C00DAD709 /* Post.swift in Sources */,
				8760C9C01ECB54490003F2B7 /* PostCell.swift in Sources */,
				875300B31ECB42FB0067B317 /* DataRequest+Request.swift in Sources */,
				873C03AF1ECC4936000B6C8E /* UserObject.swift in Sources */,
			);
			runOnlyForDeploymentPostprocessing = 0;
		};
		879C2E371EBCEEDC00986674 /* Sources */ = {
			isa = PBXSourcesBuildPhase;
			buildActionMask = 2147483647;
			files = (
				872102F41EC4A87000F8AE4E /* BabylonHealthServiceAPITests.swift in Sources */,
				872102D81EC3C8DF00F8AE4E /* PostObjectModelTests.swift in Sources */,
				872102DE1EC3C97800F8AE4E /* ProviderTests.swift in Sources */,
				87B7F4311EC60A5300AA2854 /* DetailViewModelTests.swift in Sources */,
				872102D31EC3C8A100F8AE4E /* CommentObjectTests.swift in Sources */,
				872102E01EC3C99F00F8AE4E /* ServiceRouterTests.swift in Sources */,
				872102D61EC3C8C900F8AE4E /* UserObjectModelTests.swift in Sources */,
			);
			runOnlyForDeploymentPostprocessing = 0;
		};
		879C2E421EBCEEDC00986674 /* Sources */ = {
			isa = PBXSourcesBuildPhase;
			buildActionMask = 2147483647;
			files = (
				879C2E4B1EBCEEDC00986674 /* BabylonHealthUITests.swift in Sources */,
			);
			runOnlyForDeploymentPostprocessing = 0;
		};
/* End PBXSourcesBuildPhase section */

/* Begin PBXTargetDependency section */
		879C2E3D1EBCEEDC00986674 /* PBXTargetDependency */ = {
			isa = PBXTargetDependency;
			target = 879C2E261EBCEEDC00986674 /* BabylonHealth */;
			targetProxy = 879C2E3C1EBCEEDC00986674 /* PBXContainerItemProxy */;
		};
		879C2E481EBCEEDC00986674 /* PBXTargetDependency */ = {
			isa = PBXTargetDependency;
			target = 879C2E261EBCEEDC00986674 /* BabylonHealth */;
			targetProxy = 879C2E471EBCEEDC00986674 /* PBXContainerItemProxy */;
		};
/* End PBXTargetDependency section */

/* Begin PBXVariantGroup section */
		872102E81EC49C8000F8AE4E /* Localizable.strings */ = {
			isa = PBXVariantGroup;
			children = (
				872102E71EC49C8000F8AE4E /* en */,
				872102E91EC49CAC00F8AE4E /* pt-BR */,
			);
			name = Localizable.strings;
			path = "Supporting Files";
			sourceTree = "<group>";
		};
		879C2E2E1EBCEEDC00986674 /* Main.storyboard */ = {
			isa = PBXVariantGroup;
			children = (
				879C2E2F1EBCEEDC00986674 /* Base */,
			);
			name = Main.storyboard;
			sourceTree = "<group>";
		};
		879C2E331EBCEEDC00986674 /* LaunchScreen.storyboard */ = {
			isa = PBXVariantGroup;
			children = (
				879C2E341EBCEEDC00986674 /* Base */,
			);
			name = LaunchScreen.storyboard;
			sourceTree = "<group>";
		};
/* End PBXVariantGroup section */

/* Begin XCBuildConfiguration section */
		879C2E4D1EBCEEDC00986674 /* Debug */ = {
			isa = XCBuildConfiguration;
			buildSettings = {
				ALWAYS_SEARCH_USER_PATHS = NO;
				CLANG_ANALYZER_LOCALIZABILITY_NONLOCALIZED = YES;
				CLANG_ANALYZER_NONNULL = YES;
				CLANG_ANALYZER_NUMBER_OBJECT_CONVERSION = YES_AGGRESSIVE;
				CLANG_CXX_LANGUAGE_STANDARD = "gnu++0x";
				CLANG_CXX_LIBRARY = "libc++";
				CLANG_ENABLE_MODULES = YES;
				CLANG_ENABLE_OBJC_ARC = YES;
				CLANG_WARN_BOOL_CONVERSION = YES;
				CLANG_WARN_CONSTANT_CONVERSION = YES;
				CLANG_WARN_DIRECT_OBJC_ISA_USAGE = YES_ERROR;
				CLANG_WARN_DOCUMENTATION_COMMENTS = YES;
				CLANG_WARN_EMPTY_BODY = YES;
				CLANG_WARN_ENUM_CONVERSION = YES;
				CLANG_WARN_INFINITE_RECURSION = YES;
				CLANG_WARN_INT_CONVERSION = YES;
				CLANG_WARN_OBJC_ROOT_CLASS = YES_ERROR;
				CLANG_WARN_SUSPICIOUS_MOVE = YES;
				CLANG_WARN_UNREACHABLE_CODE = YES;
				CLANG_WARN__DUPLICATE_METHOD_MATCH = YES;
				"CODE_SIGN_IDENTITY[sdk=iphoneos*]" = "iPhone Developer";
				COPY_PHASE_STRIP = NO;
				DEBUG_INFORMATION_FORMAT = dwarf;
				ENABLE_STRICT_OBJC_MSGSEND = YES;
				ENABLE_TESTABILITY = YES;
				GCC_C_LANGUAGE_STANDARD = gnu99;
				GCC_DYNAMIC_NO_PIC = NO;
				GCC_NO_COMMON_BLOCKS = YES;
				GCC_OPTIMIZATION_LEVEL = 0;
				GCC_PREPROCESSOR_DEFINITIONS = (
					"DEBUG=1",
					"$(inherited)",
				);
				GCC_WARN_64_TO_32_BIT_CONVERSION = YES;
				GCC_WARN_ABOUT_RETURN_TYPE = YES_ERROR;
				GCC_WARN_UNDECLARED_SELECTOR = YES;
				GCC_WARN_UNINITIALIZED_AUTOS = YES_AGGRESSIVE;
				GCC_WARN_UNUSED_FUNCTION = YES;
				GCC_WARN_UNUSED_VARIABLE = YES;
				IPHONEOS_DEPLOYMENT_TARGET = 10.3;
				MTL_ENABLE_DEBUG_INFO = YES;
				ONLY_ACTIVE_ARCH = YES;
				SDKROOT = iphoneos;
				SWIFT_ACTIVE_COMPILATION_CONDITIONS = DEBUG;
				SWIFT_OPTIMIZATION_LEVEL = "-Onone";
			};
			name = Debug;
		};
		879C2E4E1EBCEEDC00986674 /* Release */ = {
			isa = XCBuildConfiguration;
			buildSettings = {
				ALWAYS_SEARCH_USER_PATHS = NO;
				CLANG_ANALYZER_LOCALIZABILITY_NONLOCALIZED = YES;
				CLANG_ANALYZER_NONNULL = YES;
				CLANG_ANALYZER_NUMBER_OBJECT_CONVERSION = YES_AGGRESSIVE;
				CLANG_CXX_LANGUAGE_STANDARD = "gnu++0x";
				CLANG_CXX_LIBRARY = "libc++";
				CLANG_ENABLE_MODULES = YES;
				CLANG_ENABLE_OBJC_ARC = YES;
				CLANG_WARN_BOOL_CONVERSION = YES;
				CLANG_WARN_CONSTANT_CONVERSION = YES;
				CLANG_WARN_DIRECT_OBJC_ISA_USAGE = YES_ERROR;
				CLANG_WARN_DOCUMENTATION_COMMENTS = YES;
				CLANG_WARN_EMPTY_BODY = YES;
				CLANG_WARN_ENUM_CONVERSION = YES;
				CLANG_WARN_INFINITE_RECURSION = YES;
				CLANG_WARN_INT_CONVERSION = YES;
				CLANG_WARN_OBJC_ROOT_CLASS = YES_ERROR;
				CLANG_WARN_SUSPICIOUS_MOVE = YES;
				CLANG_WARN_UNREACHABLE_CODE = YES;
				CLANG_WARN__DUPLICATE_METHOD_MATCH = YES;
				"CODE_SIGN_IDENTITY[sdk=iphoneos*]" = "iPhone Developer";
				COPY_PHASE_STRIP = NO;
				DEBUG_INFORMATION_FORMAT = "dwarf-with-dsym";
				ENABLE_NS_ASSERTIONS = NO;
				ENABLE_STRICT_OBJC_MSGSEND = YES;
				GCC_C_LANGUAGE_STANDARD = gnu99;
				GCC_NO_COMMON_BLOCKS = YES;
				GCC_WARN_64_TO_32_BIT_CONVERSION = YES;
				GCC_WARN_ABOUT_RETURN_TYPE = YES_ERROR;
				GCC_WARN_UNDECLARED_SELECTOR = YES;
				GCC_WARN_UNINITIALIZED_AUTOS = YES_AGGRESSIVE;
				GCC_WARN_UNUSED_FUNCTION = YES;
				GCC_WARN_UNUSED_VARIABLE = YES;
				IPHONEOS_DEPLOYMENT_TARGET = 10.3;
				MTL_ENABLE_DEBUG_INFO = NO;
				SDKROOT = iphoneos;
				SWIFT_OPTIMIZATION_LEVEL = "-Owholemodule";
				VALIDATE_PRODUCT = YES;
			};
			name = Release;
		};
		879C2E501EBCEEDC00986674 /* Debug */ = {
			isa = XCBuildConfiguration;
			baseConfigurationReference = 0BD27EEACA4F42FE2FD1BF05 /* Pods-BabylonHealth.debug.xcconfig */;
			buildSettings = {
				ASSETCATALOG_COMPILER_APPICON_NAME = AppIcon;
				DEVELOPMENT_TEAM = LZASXEKJ7F;
				INFOPLIST_FILE = "$(SRCROOT)/BabylonHealth/Info.plist";
				LD_RUNPATH_SEARCH_PATHS = "$(inherited) @executable_path/Frameworks";
				PRODUCT_BUNDLE_IDENTIFIER = com.delarge.BabylonHealth;
				PRODUCT_NAME = "$(TARGET_NAME)";
				SWIFT_VERSION = 3.0;
				TARGETED_DEVICE_FAMILY = "1,2";
			};
			name = Debug;
		};
		879C2E511EBCEEDC00986674 /* Release */ = {
			isa = XCBuildConfiguration;
			baseConfigurationReference = 8242FF12225FA4CC97F18F58 /* Pods-BabylonHealth.release.xcconfig */;
			buildSettings = {
				ASSETCATALOG_COMPILER_APPICON_NAME = AppIcon;
				DEVELOPMENT_TEAM = LZASXEKJ7F;
				INFOPLIST_FILE = "$(SRCROOT)/BabylonHealth/Info.plist";
				LD_RUNPATH_SEARCH_PATHS = "$(inherited) @executable_path/Frameworks";
				PRODUCT_BUNDLE_IDENTIFIER = com.delarge.BabylonHealth;
				PRODUCT_NAME = "$(TARGET_NAME)";
				SWIFT_VERSION = 3.0;
				TARGETED_DEVICE_FAMILY = "1,2";
			};
			name = Release;
		};
		879C2E531EBCEEDC00986674 /* Debug */ = {
			isa = XCBuildConfiguration;
			baseConfigurationReference = B5F6B1E7A380E38A4D53EBC9 /* Pods-BabylonHealthTests.debug.xcconfig */;
			buildSettings = {
				BUNDLE_LOADER = "$(TEST_HOST)";
				CLANG_ENABLE_MODULES = YES;
				DEVELOPMENT_TEAM = LZASXEKJ7F;
				INFOPLIST_FILE = "$(SRCROOT)/BabylonHealthTests/Supporting Files/Info.plist";
				LD_RUNPATH_SEARCH_PATHS = "$(inherited) @executable_path/Frameworks @loader_path/Frameworks";
				PRODUCT_BUNDLE_IDENTIFIER = com.delarge.BabylonHealthTests;
				PRODUCT_NAME = "$(TARGET_NAME)";
				SWIFT_OPTIMIZATION_LEVEL = "-Onone";
				SWIFT_VERSION = 3.0;
				TEST_HOST = "$(BUILT_PRODUCTS_DIR)/BabylonHealth.app/BabylonHealth";
			};
			name = Debug;
		};
		879C2E541EBCEEDC00986674 /* Release */ = {
			isa = XCBuildConfiguration;
			baseConfigurationReference = 08B6A075B6E353AE21D59545 /* Pods-BabylonHealthTests.release.xcconfig */;
			buildSettings = {
				BUNDLE_LOADER = "$(TEST_HOST)";
				CLANG_ENABLE_MODULES = YES;
				DEVELOPMENT_TEAM = LZASXEKJ7F;
				INFOPLIST_FILE = "$(SRCROOT)/BabylonHealthTests/Supporting Files/Info.plist";
				LD_RUNPATH_SEARCH_PATHS = "$(inherited) @executable_path/Frameworks @loader_path/Frameworks";
				PRODUCT_BUNDLE_IDENTIFIER = com.delarge.BabylonHealthTests;
				PRODUCT_NAME = "$(TARGET_NAME)";
				SWIFT_VERSION = 3.0;
				TEST_HOST = "$(BUILT_PRODUCTS_DIR)/BabylonHealth.app/BabylonHealth";
			};
			name = Release;
		};
		879C2E561EBCEEDC00986674 /* Debug */ = {
			isa = XCBuildConfiguration;
			baseConfigurationReference = 85BB6E49AC674724BB310D05 /* Pods-BabylonHealthUITests.debug.xcconfig */;
			buildSettings = {
				DEVELOPMENT_TEAM = LZASXEKJ7F;
				INFOPLIST_FILE = BabylonHealthUITests/Info.plist;
				LD_RUNPATH_SEARCH_PATHS = "$(inherited) @executable_path/Frameworks @loader_path/Frameworks";
				PRODUCT_BUNDLE_IDENTIFIER = com.delarge.BabylonHealthUITests;
				PRODUCT_NAME = "$(TARGET_NAME)";
				SWIFT_VERSION = 3.0;
				TEST_TARGET_NAME = BabylonHealth;
			};
			name = Debug;
		};
		879C2E571EBCEEDC00986674 /* Release */ = {
			isa = XCBuildConfiguration;
			baseConfigurationReference = DC8A13618EF5C08A735D9B55 /* Pods-BabylonHealthUITests.release.xcconfig */;
			buildSettings = {
				DEVELOPMENT_TEAM = LZASXEKJ7F;
				INFOPLIST_FILE = BabylonHealthUITests/Info.plist;
				LD_RUNPATH_SEARCH_PATHS = "$(inherited) @executable_path/Frameworks @loader_path/Frameworks";
				PRODUCT_BUNDLE_IDENTIFIER = com.delarge.BabylonHealthUITests;
				PRODUCT_NAME = "$(TARGET_NAME)";
				SWIFT_VERSION = 3.0;
				TEST_TARGET_NAME = BabylonHealth;
			};
			name = Release;
		};
/* End XCBuildConfiguration section */

/* Begin XCConfigurationList section */
		879C2E221EBCEEDC00986674 /* Build configuration list for PBXProject "BabylonHealth" */ = {
			isa = XCConfigurationList;
			buildConfigurations = (
				879C2E4D1EBCEEDC00986674 /* Debug */,
				879C2E4E1EBCEEDC00986674 /* Release */,
			);
			defaultConfigurationIsVisible = 0;
			defaultConfigurationName = Release;
		};
		879C2E4F1EBCEEDC00986674 /* Build configuration list for PBXNativeTarget "BabylonHealth" */ = {
			isa = XCConfigurationList;
			buildConfigurations = (
				879C2E501EBCEEDC00986674 /* Debug */,
				879C2E511EBCEEDC00986674 /* Release */,
			);
			defaultConfigurationIsVisible = 0;
			defaultConfigurationName = Release;
		};
		879C2E521EBCEEDC00986674 /* Build configuration list for PBXNativeTarget "BabylonHealthTests" */ = {
			isa = XCConfigurationList;
			buildConfigurations = (
				879C2E531EBCEEDC00986674 /* Debug */,
				879C2E541EBCEEDC00986674 /* Release */,
			);
			defaultConfigurationIsVisible = 0;
			defaultConfigurationName = Release;
		};
		879C2E551EBCEEDC00986674 /* Build configuration list for PBXNativeTarget "BabylonHealthUITests" */ = {
			isa = XCConfigurationList;
			buildConfigurations = (
				879C2E561EBCEEDC00986674 /* Debug */,
				879C2E571EBCEEDC00986674 /* Release */,
			);
			defaultConfigurationIsVisible = 0;
			defaultConfigurationName = Release;
		};
/* End XCConfigurationList section */
	};
	rootObject = 879C2E1F1EBCEEDC00986674 /* Project object */;
}
